{
  "name": "query-validator",
  "version": "1.2.7",
  "lockfileVersion": 1,
  "requires": true,
  "dependencies": {
    "for-in": {
      "version": "1.0.2",
      "resolved": "https://registry.npmjs.org/for-in/-/for-in-1.0.2.tgz",
      "integrity": "sha1-gQaNKVqBQuwKxybG4iAMMPttXoA="
    },
    "validator": {
      "version": "10.5.0",
      "resolved": "https://registry.npmjs.org/validator/-/validator-10.5.0.tgz",
      "integrity": "sha512-6OOi+eV2mOxCFLq0f2cJDrdB6lrtLXEUxabhNRGjgOLT/l3SSll9J49Cl+LIloUqkWWTPraK/mucEQ3dc2jStQ=="
    },
    "xtend": {
      "version": "4.0.1",
      "resolved": "https://registry.npmjs.org/xtend/-/xtend-4.0.1.tgz",
      "integrity": "sha1-pcbVMr5lbiPbgg77lDofBJmNY68="
    }
  }
}
